<Solution>
  <Configurations>
    <Platform Name="Any CPU" />
    <Platform Name="x64" />
    <Platform Name="x86" />
  </Configurations>
  <Project Path="CarterCam.API/CarterCam.API.csproj" />
  <Project Path="CarterCam.Encoder/CarterCam.Encoder.vcxproj" Id="221adc73-7a07-4e69-9163-aed97b998951" />
  <Project Path="CarterCam.Ingestor/CarterCam.Ingestor.vcxproj" Id="b9872cd2-afbe-40e1-a827-87326c763112" />
</Solution>
